
Microsoft Visual Studio Solution File, Format Version 12.00
# Visual Studio Version 17
VisualStudioVersion = 17.10.35027.167
MinimumVisualStudioVersion = 10.0.40219.1
Project("{FAE04EC0-301F-11D3-BF4B-00C04F79EFBC}") = "ExercicioResolvidoDeMatrizes", "ExercicioResolvidoDeMatrizes.csproj", "{5C03B326-280C-4640-9E82-E7F01CB14A22}"
EndProject
Global
	GlobalSection(SolutionConfigurationPlatforms) = preSolution
		Debug|Any CPU = Debug|Any CPU
		Release|Any CPU = Release|Any CPU
	EndGlobalSection
	GlobalSection(ProjectConfigurationPlatforms) = postSolution
		{5C03B326-280C-4640-9E82-E7F01CB14A22}.Debug|Any CPU.ActiveCfg = Debug|Any CPU
		{5C03B326-280C-4640-9E82-E7F01CB14A22}.Debug|Any CPU.Build.0 = Debug|Any CPU
		{5C03B326-280C-4640-9E82-E7F01CB14A22}.Release|Any CPU.ActiveCfg = Release|Any CPU
		{5C03B326-280C-4640-9E82-E7F01CB14A22}.Release|Any CPU.Build.0 = Release|Any CPU
	EndGlobalSection
	GlobalSection(SolutionProperties) = preSolution
		HideSolutionNode = FALSE
	EndGlobalSection
	GlobalSection(ExtensibilityGlobals) = postSolution
		SolutionGuid = {27D04635-D647-4D0F-9641-FDD2B6FC82E6}
	EndGlobalSection
EndGlobal
