
Microsoft Visual Studio Solution File, Format Version 12.00
# Visual Studio Version 17
VisualStudioVersion = 17.10.35027.167
MinimumVisualStudioVersion = 10.0.40219.1
Project("{FAE04EC0-301F-11D3-BF4B-00C04F79EFBC}") = "ModificadorDeParametros", "ModificadorDeParametros.csproj", "{C40FB018-F293-45B9-9EF8-C0FA5BE605DF}"
EndProject
Global
	GlobalSection(SolutionConfigurationPlatforms) = preSolution
		Debug|Any CPU = Debug|Any CPU
		Release|Any CPU = Release|Any CPU
	EndGlobalSection
	GlobalSection(ProjectConfigurationPlatforms) = postSolution
		{C40FB018-F293-45B9-9EF8-C0FA5BE605DF}.Debug|Any CPU.ActiveCfg = Debug|Any CPU
		{C40FB018-F293-45B9-9EF8-C0FA5BE605DF}.Debug|Any CPU.Build.0 = Debug|Any CPU
		{C40FB018-F293-45B9-9EF8-C0FA5BE605DF}.Release|Any CPU.ActiveCfg = Release|Any CPU
		{C40FB018-F293-45B9-9EF8-C0FA5BE605DF}.Release|Any CPU.Build.0 = Release|Any CPU
	EndGlobalSection
	GlobalSection(SolutionProperties) = preSolution
		HideSolutionNode = FALSE
	EndGlobalSection
	GlobalSection(ExtensibilityGlobals) = postSolution
		SolutionGuid = {687E4E77-7A5B-4832-B30C-B648A1167932}
	EndGlobalSection
EndGlobal
