
Microsoft Visual Studio Solution File, Format Version 12.00
# Visual Studio Version 17
VisualStudioVersion = 17.10.35027.167
MinimumVisualStudioVersion = 10.0.40219.1
Project("{FAE04EC0-301F-11D3-BF4B-00C04F79EFBC}") = "TestingSection7", "TestingSection7.csproj", "{FA1AE2AC-2B59-4FAF-BA68-4139136D4A43}"
EndProject
Global
	GlobalSection(SolutionConfigurationPlatforms) = preSolution
		Debug|Any CPU = Debug|Any CPU
		Release|Any CPU = Release|Any CPU
	EndGlobalSection
	GlobalSection(ProjectConfigurationPlatforms) = postSolution
		{FA1AE2AC-2B59-4FAF-BA68-4139136D4A43}.Debug|Any CPU.ActiveCfg = Debug|Any CPU
		{FA1AE2AC-2B59-4FAF-BA68-4139136D4A43}.Debug|Any CPU.Build.0 = Debug|Any CPU
		{FA1AE2AC-2B59-4FAF-BA68-4139136D4A43}.Release|Any CPU.ActiveCfg = Release|Any CPU
		{FA1AE2AC-2B59-4FAF-BA68-4139136D4A43}.Release|Any CPU.Build.0 = Release|Any CPU
	EndGlobalSection
	GlobalSection(SolutionProperties) = preSolution
		HideSolutionNode = FALSE
	EndGlobalSection
	GlobalSection(ExtensibilityGlobals) = postSolution
		SolutionGuid = {F3E37E9B-A7BD-45BB-B11E-445FB71AC895}
	EndGlobalSection
EndGlobal
