
Microsoft Visual Studio Solution File, Format Version 12.00
# Visual Studio Version 17
VisualStudioVersion = 17.10.35027.167
MinimumVisualStudioVersion = 10.0.40219.1
Project("{FAE04EC0-301F-11D3-BF4B-00C04F79EFBC}") = "aulaEncapsulamento", "aulaEncapsulamento.csproj", "{D4DD62C5-F190-4A39-ABDE-BD89B5A916FB}"
EndProject
Global
	GlobalSection(SolutionConfigurationPlatforms) = preSolution
		Debug|Any CPU = Debug|Any CPU
		Release|Any CPU = Release|Any CPU
	EndGlobalSection
	GlobalSection(ProjectConfigurationPlatforms) = postSolution
		{D4DD62C5-F190-4A39-ABDE-BD89B5A916FB}.Debug|Any CPU.ActiveCfg = Debug|Any CPU
		{D4DD62C5-F190-4A39-ABDE-BD89B5A916FB}.Debug|Any CPU.Build.0 = Debug|Any CPU
		{D4DD62C5-F190-4A39-ABDE-BD89B5A916FB}.Release|Any CPU.ActiveCfg = Release|Any CPU
		{D4DD62C5-F190-4A39-ABDE-BD89B5A916FB}.Release|Any CPU.Build.0 = Release|Any CPU
	EndGlobalSection
	GlobalSection(SolutionProperties) = preSolution
		HideSolutionNode = FALSE
	EndGlobalSection
	GlobalSection(ExtensibilityGlobals) = postSolution
		SolutionGuid = {33286A69-7D1D-43BD-B6C0-5DAB4A0F4DC1}
	EndGlobalSection
EndGlobal
